// !$*UTF8*$!
{
	archiveVersion = 1;
	classes = {
	};
	objectVersion = 50;
	objects = {

/* Begin PBXBuildFile section */
		4B1908EC2491954C009089AC /* DeviceDetailViewModelMock.swift in Sources */ = {isa = PBXBuildFile; fileRef = 4B1908EB2491954C009089AC /* DeviceDetailViewModelMock.swift */; };
		4B1908EE2491963F009089AC /* DevicesDetailViewModelTests.swift in Sources */ = {isa = PBXBuildFile; fileRef = 4B1908ED2491963F009089AC /* DevicesDetailViewModelTests.swift */; };
		4B38E0D9248FD50400057CA2 /* Device.swift in Sources */ = {isa = PBXBuildFile; fileRef = 4B38E0D8248FD50400057CA2 /* Device.swift */; };
		4B38E0DB248FD95100057CA2 /* Reading.swift in Sources */ = {isa = PBXBuildFile; fileRef = 4B38E0DA248FD95100057CA2 /* Reading.swift */; };
		4B38E0DD248FF02800057CA2 /* DevicesView.swift in Sources */ = {isa = PBXBuildFile; fileRef = 4B38E0DC248FF02800057CA2 /* DevicesView.swift */; };
		4B38E0E0248FF0F700057CA2 /* DevicesProvider.swift in Sources */ = {isa = PBXBuildFile; fileRef = 4B38E0DF248FF0F700057CA2 /* DevicesProvider.swift */; };
		4B38E0E2248FF25300057CA2 /* DevicesProviding.swift in Sources */ = {isa = PBXBuildFile; fileRef = 4B38E0E1248FF25300057CA2 /* DevicesProviding.swift */; };
		4B5E39FC2490306200178A85 /* ReadingType.swift in Sources */ = {isa = PBXBuildFile; fileRef = 4B5E39FB2490306200178A85 /* ReadingType.swift */; };
		4B5E39FE2490403800178A85 /* DevicesRouter.swift in Sources */ = {isa = PBXBuildFile; fileRef = 4B5E39FD2490403800178A85 /* DevicesRouter.swift */; };
		4B5E3A0124912C5200178A85 /* ViewBuilder.swift in Sources */ = {isa = PBXBuildFile; fileRef = 4B5E3A0024912C5200178A85 /* ViewBuilder.swift */; };
		4B5E3A032491361900178A85 /* DeviceDetailViewModelProtocol.swift in Sources */ = {isa = PBXBuildFile; fileRef = 4B5E3A022491361900178A85 /* DeviceDetailViewModelProtocol.swift */; };
		4B5E3A0624913BA500178A85 /* DevicesViewModelMock.swift in Sources */ = {isa = PBXBuildFile; fileRef = 4B5E3A0524913BA500178A85 /* DevicesViewModelMock.swift */; };
		4B5E3A08249144B900178A85 /* NetworkClientMock.swift in Sources */ = {isa = PBXBuildFile; fileRef = 4B5E3A07249144B900178A85 /* NetworkClientMock.swift */; };
		4B5E3A0A249144ED00178A85 /* NetworkClientTests.swift in Sources */ = {isa = PBXBuildFile; fileRef = 4B5E3A09249144ED00178A85 /* NetworkClientTests.swift */; };
		4B7C3729249007C000841D2A /* DeviceCell.swift in Sources */ = {isa = PBXBuildFile; fileRef = 4B7C3728249007C000841D2A /* DeviceCell.swift */; };
		4B7C372B24900BF100841D2A /* String+Extensions.swift in Sources */ = {isa = PBXBuildFile; fileRef = 4B7C372A24900BF100841D2A /* String+Extensions.swift */; };
		4B7C372F249011AB00841D2A /* UIViewController+Extensions.swift in Sources */ = {isa = PBXBuildFile; fileRef = 4B7C372E249011AB00841D2A /* UIViewController+Extensions.swift */; };
		4B7C373424901FDE00841D2A /* DeviceDetailViewController.swift in Sources */ = {isa = PBXBuildFile; fileRef = 4B7C373324901FDE00841D2A /* DeviceDetailViewController.swift */; };
		4B7C3736249028EB00841D2A /* DeviceDetailViewModel.swift in Sources */ = {isa = PBXBuildFile; fileRef = 4B7C3735249028EB00841D2A /* DeviceDetailViewModel.swift */; };
		4B7C37392490299F00841D2A /* ReadingsProvider.swift in Sources */ = {isa = PBXBuildFile; fileRef = 4B7C37382490299F00841D2A /* ReadingsProvider.swift */; };
		4B7C373B24902A7C00841D2A /* ReadingsProviding.swift in Sources */ = {isa = PBXBuildFile; fileRef = 4B7C373A24902A7C00841D2A /* ReadingsProviding.swift */; };
		4B7C373D24902CA900841D2A /* DeviceDetailView.swift in Sources */ = {isa = PBXBuildFile; fileRef = 4B7C373C24902CA900841D2A /* DeviceDetailView.swift */; };
		4BB25F87248FC9540006543D /* AppDelegate.swift in Sources */ = {isa = PBXBuildFile; fileRef = 4BB25F86248FC9540006543D /* AppDelegate.swift */; };
		4BB25F89248FC9540006543D /* SceneDelegate.swift in Sources */ = {isa = PBXBuildFile; fileRef = 4BB25F88248FC9540006543D /* SceneDelegate.swift */; };
		4BB25F8B248FC9540006543D /* DevicesViewController.swift in Sources */ = {isa = PBXBuildFile; fileRef = 4BB25F8A248FC9540006543D /* DevicesViewController.swift */; };
		4BB25F90248FC95B0006543D /* Assets.xcassets in Resources */ = {isa = PBXBuildFile; fileRef = 4BB25F8F248FC95B0006543D /* Assets.xcassets */; };
		4BB25F93248FC95B0006543D /* LaunchScreen.storyboard in Resources */ = {isa = PBXBuildFile; fileRef = 4BB25F91248FC95B0006543D /* LaunchScreen.storyboard */; };
		4BB25F9E248FC95B0006543D /* DevicesViewModelTests.swift in Sources */ = {isa = PBXBuildFile; fileRef = 4BB25F9D248FC95B0006543D /* DevicesViewModelTests.swift */; };
		4BB25FAA248FC9E40006543D /* ApplicationBuilder.swift in Sources */ = {isa = PBXBuildFile; fileRef = 4BB25FA9248FC9E40006543D /* ApplicationBuilder.swift */; };
		4BB25FAD248FCA2D0006543D /* Theme.swift in Sources */ = {isa = PBXBuildFile; fileRef = 4BB25FAC248FCA2D0006543D /* Theme.swift */; };
		4BB25FAF248FCA570006543D /* Color.swift in Sources */ = {isa = PBXBuildFile; fileRef = 4BB25FAE248FCA570006543D /* Color.swift */; };
		4BB25FB1248FCA6A0006543D /* TextStyle.swift in Sources */ = {isa = PBXBuildFile; fileRef = 4BB25FB0248FCA6A0006543D /* TextStyle.swift */; };
		4BB25FB4248FCAD80006543D /* NetworkClient.swift in Sources */ = {isa = PBXBuildFile; fileRef = 4BB25FB3248FCAD80006543D /* NetworkClient.swift */; };
		4BB25FB6248FCAE80006543D /* NetworkError.swift in Sources */ = {isa = PBXBuildFile; fileRef = 4BB25FB5248FCAE80006543D /* NetworkError.swift */; };
		4BB25FB8248FCB060006543D /* Environment.swift in Sources */ = {isa = PBXBuildFile; fileRef = 4BB25FB7248FCB060006543D /* Environment.swift */; };
		4BB25FBA248FCB2E0006543D /* RequestDataType.swift in Sources */ = {isa = PBXBuildFile; fileRef = 4BB25FB9248FCB2E0006543D /* RequestDataType.swift */; };
		4BB25FBC248FCB450006543D /* NetworkClientProtocol.swift in Sources */ = {isa = PBXBuildFile; fileRef = 4BB25FBB248FCB450006543D /* NetworkClientProtocol.swift */; };
		4BB25FC2248FD3EC0006543D /* DevicesViewModel.swift in Sources */ = {isa = PBXBuildFile; fileRef = 4BB25FC1248FD3EC0006543D /* DevicesViewModel.swift */; };
		4BB25FC4248FD3FF0006543D /* DevicesViewModelProtocol.swift in Sources */ = {isa = PBXBuildFile; fileRef = 4BB25FC3248FD3FF0006543D /* DevicesViewModelProtocol.swift */; };
		4BB25FC7248FD4580006543D /* Strings.swift in Sources */ = {isa = PBXBuildFile; fileRef = 4BB25FC6248FD4580006543D /* Strings.swift */; };
/* End PBXBuildFile section */

/* Begin PBXContainerItemProxy section */
		4BB25F9A248FC95B0006543D /* PBXContainerItemProxy */ = {
			isa = PBXContainerItemProxy;
			containerPortal = 4BB25F7B248FC9540006543D /* Project object */;
			proxyType = 1;
			remoteGlobalIDString = 4BB25F82248FC9540006543D;
			remoteInfo = "CanaryHomework-Swift";
		};
/* End PBXContainerItemProxy section */

/* Begin PBXFileReference section */
		4B1908EB2491954C009089AC /* DeviceDetailViewModelMock.swift */ = {isa = PBXFileReference; lastKnownFileType = sourcecode.swift; path = DeviceDetailViewModelMock.swift; sourceTree = "<group>"; };
		4B1908ED2491963F009089AC /* DevicesDetailViewModelTests.swift */ = {isa = PBXFileReference; lastKnownFileType = sourcecode.swift; path = DevicesDetailViewModelTests.swift; sourceTree = "<group>"; };
		4B38E0D8248FD50400057CA2 /* Device.swift */ = {isa = PBXFileReference; lastKnownFileType = sourcecode.swift; path = Device.swift; sourceTree = "<group>"; };
		4B38E0DA248FD95100057CA2 /* Reading.swift */ = {isa = PBXFileReference; lastKnownFileType = sourcecode.swift; path = Reading.swift; sourceTree = "<group>"; };
		4B38E0DC248FF02800057CA2 /* DevicesView.swift */ = {isa = PBXFileReference; lastKnownFileType = sourcecode.swift; path = DevicesView.swift; sourceTree = "<group>"; };
		4B38E0DF248FF0F700057CA2 /* DevicesProvider.swift */ = {isa = PBXFileReference; lastKnownFileType = sourcecode.swift; path = DevicesProvider.swift; sourceTree = "<group>"; };
		4B38E0E1248FF25300057CA2 /* DevicesProviding.swift */ = {isa = PBXFileReference; lastKnownFileType = sourcecode.swift; path = DevicesProviding.swift; sourceTree = "<group>"; };
		4B5E39FB2490306200178A85 /* ReadingType.swift */ = {isa = PBXFileReference; lastKnownFileType = sourcecode.swift; path = ReadingType.swift; sourceTree = "<group>"; };
		4B5E39FD2490403800178A85 /* DevicesRouter.swift */ = {isa = PBXFileReference; lastKnownFileType = sourcecode.swift; path = DevicesRouter.swift; sourceTree = "<group>"; };
		4B5E3A0024912C5200178A85 /* ViewBuilder.swift */ = {isa = PBXFileReference; fileEncoding = 4; lastKnownFileType = sourcecode.swift; path = ViewBuilder.swift; sourceTree = "<group>"; };
		4B5E3A022491361900178A85 /* DeviceDetailViewModelProtocol.swift */ = {isa = PBXFileReference; lastKnownFileType = sourcecode.swift; path = DeviceDetailViewModelProtocol.swift; sourceTree = "<group>"; };
		4B5E3A0524913BA500178A85 /* DevicesViewModelMock.swift */ = {isa = PBXFileReference; lastKnownFileType = sourcecode.swift; path = DevicesViewModelMock.swift; sourceTree = "<group>"; };
		4B5E3A07249144B900178A85 /* NetworkClientMock.swift */ = {isa = PBXFileReference; lastKnownFileType = sourcecode.swift; path = NetworkClientMock.swift; sourceTree = "<group>"; };
		4B5E3A09249144ED00178A85 /* NetworkClientTests.swift */ = {isa = PBXFileReference; lastKnownFileType = sourcecode.swift; path = NetworkClientTests.swift; sourceTree = "<group>"; };
		4B7C3728249007C000841D2A /* DeviceCell.swift */ = {isa = PBXFileReference; lastKnownFileType = sourcecode.swift; path = DeviceCell.swift; sourceTree = "<group>"; };
		4B7C372A24900BF100841D2A /* String+Extensions.swift */ = {isa = PBXFileReference; lastKnownFileType = sourcecode.swift; path = "String+Extensions.swift"; sourceTree = "<group>"; };
		4B7C372E249011AB00841D2A /* UIViewController+Extensions.swift */ = {isa = PBXFileReference; lastKnownFileType = sourcecode.swift; path = "UIViewController+Extensions.swift"; sourceTree = "<group>"; };
		4B7C373324901FDE00841D2A /* DeviceDetailViewController.swift */ = {isa = PBXFileReference; lastKnownFileType = sourcecode.swift; path = DeviceDetailViewController.swift; sourceTree = "<group>"; };
		4B7C3735249028EB00841D2A /* DeviceDetailViewModel.swift */ = {isa = PBXFileReference; lastKnownFileType = sourcecode.swift; path = DeviceDetailViewModel.swift; sourceTree = "<group>"; };
		4B7C37382490299F00841D2A /* ReadingsProvider.swift */ = {isa = PBXFileReference; lastKnownFileType = sourcecode.swift; path = ReadingsProvider.swift; sourceTree = "<group>"; };
		4B7C373A24902A7C00841D2A /* ReadingsProviding.swift */ = {isa = PBXFileReference; lastKnownFileType = sourcecode.swift; path = ReadingsProviding.swift; sourceTree = "<group>"; };
		4B7C373C24902CA900841D2A /* DeviceDetailView.swift */ = {isa = PBXFileReference; lastKnownFileType = sourcecode.swift; path = DeviceDetailView.swift; sourceTree = "<group>"; };
		4BB25F83248FC9540006543D /* CanaryHomework-Swift.app */ = {isa = PBXFileReference; explicitFileType = wrapper.application; includeInIndex = 0; path = "CanaryHomework-Swift.app"; sourceTree = BUILT_PRODUCTS_DIR; };
		4BB25F86248FC9540006543D /* AppDelegate.swift */ = {isa = PBXFileReference; lastKnownFileType = sourcecode.swift; path = AppDelegate.swift; sourceTree = "<group>"; };
		4BB25F88248FC9540006543D /* SceneDelegate.swift */ = {isa = PBXFileReference; lastKnownFileType = sourcecode.swift; path = SceneDelegate.swift; sourceTree = "<group>"; };
		4BB25F8A248FC9540006543D /* DevicesViewController.swift */ = {isa = PBXFileReference; lastKnownFileType = sourcecode.swift; path = DevicesViewController.swift; sourceTree = "<group>"; };
		4BB25F8F248FC95B0006543D /* Assets.xcassets */ = {isa = PBXFileReference; lastKnownFileType = folder.assetcatalog; path = Assets.xcassets; sourceTree = "<group>"; };
		4BB25F92248FC95B0006543D /* Base */ = {isa = PBXFileReference; lastKnownFileType = file.storyboard; name = Base; path = Base.lproj/LaunchScreen.storyboard; sourceTree = "<group>"; };
		4BB25F94248FC95B0006543D /* Info.plist */ = {isa = PBXFileReference; lastKnownFileType = text.plist.xml; path = Info.plist; sourceTree = "<group>"; };
		4BB25F99248FC95B0006543D /* CanaryHomework-SwiftTests.xctest */ = {isa = PBXFileReference; explicitFileType = wrapper.cfbundle; includeInIndex = 0; path = "CanaryHomework-SwiftTests.xctest"; sourceTree = BUILT_PRODUCTS_DIR; };
		4BB25F9D248FC95B0006543D /* DevicesViewModelTests.swift */ = {isa = PBXFileReference; lastKnownFileType = sourcecode.swift; path = DevicesViewModelTests.swift; sourceTree = "<group>"; };
		4BB25F9F248FC95B0006543D /* Info.plist */ = {isa = PBXFileReference; lastKnownFileType = text.plist.xml; path = Info.plist; sourceTree = "<group>"; };
		4BB25FA9248FC9E40006543D /* ApplicationBuilder.swift */ = {isa = PBXFileReference; lastKnownFileType = sourcecode.swift; path = ApplicationBuilder.swift; sourceTree = "<group>"; };
		4BB25FAC248FCA2D0006543D /* Theme.swift */ = {isa = PBXFileReference; lastKnownFileType = sourcecode.swift; path = Theme.swift; sourceTree = "<group>"; };
		4BB25FAE248FCA570006543D /* Color.swift */ = {isa = PBXFileReference; lastKnownFileType = sourcecode.swift; path = Color.swift; sourceTree = "<group>"; };
		4BB25FB0248FCA6A0006543D /* TextStyle.swift */ = {isa = PBXFileReference; lastKnownFileType = sourcecode.swift; path = TextStyle.swift; sourceTree = "<group>"; };
		4BB25FB3248FCAD80006543D /* NetworkClient.swift */ = {isa = PBXFileReference; lastKnownFileType = sourcecode.swift; path = NetworkClient.swift; sourceTree = "<group>"; };
		4BB25FB5248FCAE80006543D /* NetworkError.swift */ = {isa = PBXFileReference; lastKnownFileType = sourcecode.swift; path = NetworkError.swift; sourceTree = "<group>"; };
		4BB25FB7248FCB060006543D /* Environment.swift */ = {isa = PBXFileReference; lastKnownFileType = sourcecode.swift; path = Environment.swift; sourceTree = "<group>"; };
		4BB25FB9248FCB2E0006543D /* RequestDataType.swift */ = {isa = PBXFileReference; lastKnownFileType = sourcecode.swift; path = RequestDataType.swift; sourceTree = "<group>"; };
		4BB25FBB248FCB450006543D /* NetworkClientProtocol.swift */ = {isa = PBXFileReference; lastKnownFileType = sourcecode.swift; path = NetworkClientProtocol.swift; sourceTree = "<group>"; };
		4BB25FC1248FD3EC0006543D /* DevicesViewModel.swift */ = {isa = PBXFileReference; lastKnownFileType = sourcecode.swift; path = DevicesViewModel.swift; sourceTree = "<group>"; };
		4BB25FC3248FD3FF0006543D /* DevicesViewModelProtocol.swift */ = {isa = PBXFileReference; lastKnownFileType = sourcecode.swift; path = DevicesViewModelProtocol.swift; sourceTree = "<group>"; };
		4BB25FC6248FD4580006543D /* Strings.swift */ = {isa = PBXFileReference; lastKnownFileType = sourcecode.swift; path = Strings.swift; sourceTree = "<group>"; };
/* End PBXFileReference section */

/* Begin PBXFrameworksBuildPhase section */
		4BB25F80248FC9540006543D /* Frameworks */ = {
			isa = PBXFrameworksBuildPhase;
			buildActionMask = 2147483647;
			files = (
			);
			runOnlyForDeploymentPostprocessing = 0;
		};
		4BB25F96248FC95B0006543D /* Frameworks */ = {
			isa = PBXFrameworksBuildPhase;
			buildActionMask = 2147483647;
			files = (
			);
			runOnlyForDeploymentPostprocessing = 0;
		};
/* End PBXFrameworksBuildPhase section */

/* Begin PBXGroup section */
		4B38E0D7248FD4DB00057CA2 /* Models */ = {
			isa = PBXGroup;
			children = (
				4B38E0D8248FD50400057CA2 /* Device.swift */,
				4B38E0DA248FD95100057CA2 /* Reading.swift */,
				4B5E39FB2490306200178A85 /* ReadingType.swift */,
			);
			path = Models;
			sourceTree = "<group>";
		};
		4B38E0DE248FF0EA00057CA2 /* DevicesProvider */ = {
			isa = PBXGroup;
			children = (
				4B38E0DF248FF0F700057CA2 /* DevicesProvider.swift */,
				4B38E0E1248FF25300057CA2 /* DevicesProviding.swift */,
			);
			path = DevicesProvider;
			sourceTree = "<group>";
		};
		4B5E3A0424913B6D00178A85 /* Mocks */ = {
			isa = PBXGroup;
			children = (
				4B5E3A0524913BA500178A85 /* DevicesViewModelMock.swift */,
				4B1908EB2491954C009089AC /* DeviceDetailViewModelMock.swift */,
				4B5E3A07249144B900178A85 /* NetworkClientMock.swift */,
			);
			path = Mocks;
			sourceTree = "<group>";
		};
		4B7C3727249007B000841D2A /* Views */ = {
			isa = PBXGroup;
			children = (
				4B7C3728249007C000841D2A /* DeviceCell.swift */,
			);
			path = Views;
			sourceTree = "<group>";
		};
		4B7C373224901F6F00841D2A /* DeviceDetail */ = {
			isa = PBXGroup;
			children = (
				4B7C373324901FDE00841D2A /* DeviceDetailViewController.swift */,
				4B7C373C24902CA900841D2A /* DeviceDetailView.swift */,
				4B7C3735249028EB00841D2A /* DeviceDetailViewModel.swift */,
				4B5E3A022491361900178A85 /* DeviceDetailViewModelProtocol.swift */,
				4B7C37372490298000841D2A /* ReadingProvider */,
			);
			path = DeviceDetail;
			sourceTree = "<group>";
		};
		4B7C37372490298000841D2A /* ReadingProvider */ = {
			isa = PBXGroup;
			children = (
				4B7C37382490299F00841D2A /* ReadingsProvider.swift */,
				4B7C373A24902A7C00841D2A /* ReadingsProviding.swift */,
			);
			path = ReadingProvider;
			sourceTree = "<group>";
		};
		4BB25F7A248FC9540006543D = {
			isa = PBXGroup;
			children = (
				4BB25F85248FC9540006543D /* CanaryHomework-Swift */,
				4BB25F9C248FC95B0006543D /* CanaryHomework-SwiftTests */,
				4BB25F84248FC9540006543D /* Products */,
			);
			sourceTree = "<group>";
		};
		4BB25F84248FC9540006543D /* Products */ = {
			isa = PBXGroup;
			children = (
				4BB25F83248FC9540006543D /* CanaryHomework-Swift.app */,
				4BB25F99248FC95B0006543D /* CanaryHomework-SwiftTests.xctest */,
			);
			name = Products;
			sourceTree = "<group>";
		};
		4BB25F85248FC9540006543D /* CanaryHomework-Swift */ = {
			isa = PBXGroup;
			children = (
				4BB25FA8248FC9840006543D /* Application */,
				4BB25FB2248FCAC00006543D /* Features */,
				4BB25FAB248FCA200006543D /* Theme */,
				4BB25FBF248FCBA20006543D /* NetworkServices */,
				4BB25FC5248FD44C0006543D /* Shared */,
				4BB25FC8248FD4750006543D /* Resources */,
			);
			path = "CanaryHomework-Swift";
			sourceTree = "<group>";
		};
		4BB25F9C248FC95B0006543D /* CanaryHomework-SwiftTests */ = {
			isa = PBXGroup;
			children = (
				4B5E3A0424913B6D00178A85 /* Mocks */,
				4BB25F9D248FC95B0006543D /* DevicesViewModelTests.swift */,
				4B1908ED2491963F009089AC /* DevicesDetailViewModelTests.swift */,
				4B5E3A09249144ED00178A85 /* NetworkClientTests.swift */,
				4BB25F9F248FC95B0006543D /* Info.plist */,
			);
			path = "CanaryHomework-SwiftTests";
			sourceTree = "<group>";
		};
		4BB25FA8248FC9840006543D /* Application */ = {
			isa = PBXGroup;
			children = (
				4BB25F86248FC9540006543D /* AppDelegate.swift */,
				4BB25F88248FC9540006543D /* SceneDelegate.swift */,
				4BB25FA9248FC9E40006543D /* ApplicationBuilder.swift */,
				4B5E3A0024912C5200178A85 /* ViewBuilder.swift */,
			);
			path = Application;
			sourceTree = "<group>";
		};
		4BB25FAB248FCA200006543D /* Theme */ = {
			isa = PBXGroup;
			children = (
				4BB25FAC248FCA2D0006543D /* Theme.swift */,
				4BB25FAE248FCA570006543D /* Color.swift */,
				4BB25FB0248FCA6A0006543D /* TextStyle.swift */,
			);
			path = Theme;
			sourceTree = "<group>";
		};
		4BB25FB2248FCAC00006543D /* Features */ = {
			isa = PBXGroup;
			children = (
				4BB25FC0248FCBC20006543D /* Devices */,
			);
			path = Features;
			sourceTree = "<group>";
		};
		4BB25FBF248FCBA20006543D /* NetworkServices */ = {
			isa = PBXGroup;
			children = (
				4BB25FB3248FCAD80006543D /* NetworkClient.swift */,
				4BB25FB5248FCAE80006543D /* NetworkError.swift */,
				4BB25FBB248FCB450006543D /* NetworkClientProtocol.swift */,
				4BB25FB9248FCB2E0006543D /* RequestDataType.swift */,
				4BB25FB7248FCB060006543D /* Environment.swift */,
			);
			path = NetworkServices;
			sourceTree = "<group>";
		};
		4BB25FC0248FCBC20006543D /* Devices */ = {
			isa = PBXGroup;
			children = (
				4BB25F8A248FC9540006543D /* DevicesViewController.swift */,
				4B38E0DC248FF02800057CA2 /* DevicesView.swift */,
				4BB25FC1248FD3EC0006543D /* DevicesViewModel.swift */,
				4BB25FC3248FD3FF0006543D /* DevicesViewModelProtocol.swift */,
				4B5E39FD2490403800178A85 /* DevicesRouter.swift */,
				4B7C3727249007B000841D2A /* Views */,
				4B38E0DE248FF0EA00057CA2 /* DevicesProvider */,
				4B38E0D7248FD4DB00057CA2 /* Models */,
				4B7C373224901F6F00841D2A /* DeviceDetail */,
			);
			path = Devices;
			sourceTree = "<group>";
		};
		4BB25FC5248FD44C0006543D /* Shared */ = {
			isa = PBXGroup;
			children = (
				4BB25FC6248FD4580006543D /* Strings.swift */,
				4B7C372A24900BF100841D2A /* String+Extensions.swift */,
				4B7C372E249011AB00841D2A /* UIViewController+Extensions.swift */,
			);
			path = Shared;
			sourceTree = "<group>";
		};
		4BB25FC8248FD4750006543D /* Resources */ = {
			isa = PBXGroup;
			children = (
				4BB25F8F248FC95B0006543D /* Assets.xcassets */,
				4BB25F91248FC95B0006543D /* LaunchScreen.storyboard */,
				4BB25F94248FC95B0006543D /* Info.plist */,
			);
			path = Resources;
			sourceTree = "<group>";
		};
/* End PBXGroup section */

/* Begin PBXNativeTarget section */
		4BB25F82248FC9540006543D /* CanaryHomework-Swift */ = {
			isa = PBXNativeTarget;
			buildConfigurationList = 4BB25FA2248FC95B0006543D /* Build configuration list for PBXNativeTarget "CanaryHomework-Swift" */;
			buildPhases = (
				4BB25F7F248FC9540006543D /* Sources */,
				4BB25F80248FC9540006543D /* Frameworks */,
				4BB25F81248FC9540006543D /* Resources */,
			);
			buildRules = (
			);
			dependencies = (
			);
			name = "CanaryHomework-Swift";
			productName = "CanaryHomework-Swift";
			productReference = 4BB25F83248FC9540006543D /* CanaryHomework-Swift.app */;
			productType = "com.apple.product-type.application";
		};
		4BB25F98248FC95B0006543D /* CanaryHomework-SwiftTests */ = {
			isa = PBXNativeTarget;
			buildConfigurationList = 4BB25FA5248FC95B0006543D /* Build configuration list for PBXNativeTarget "CanaryHomework-SwiftTests" */;
			buildPhases = (
				4BB25F95248FC95B0006543D /* Sources */,
				4BB25F96248FC95B0006543D /* Frameworks */,
				4BB25F97248FC95B0006543D /* Resources */,
			);
			buildRules = (
			);
			dependencies = (
				4BB25F9B248FC95B0006543D /* PBXTargetDependency */,
			);
			name = "CanaryHomework-SwiftTests";
			productName = "CanaryHomework-SwiftTests";
			productReference = 4BB25F99248FC95B0006543D /* CanaryHomework-SwiftTests.xctest */;
			productType = "com.apple.product-type.bundle.unit-test";
		};
/* End PBXNativeTarget section */

/* Begin PBXProject section */
		4BB25F7B248FC9540006543D /* Project object */ = {
			isa = PBXProject;
			attributes = {
				LastSwiftUpdateCheck = 1150;
				LastUpgradeCheck = 1150;
				ORGANIZATIONNAME = "Stanle Delacruz";
				TargetAttributes = {
					4BB25F82248FC9540006543D = {
						CreatedOnToolsVersion = 11.5;
					};
					4BB25F98248FC95B0006543D = {
						CreatedOnToolsVersion = 11.5;
						TestTargetID = 4BB25F82248FC9540006543D;
					};
				};
			};
			buildConfigurationList = 4BB25F7E248FC9540006543D /* Build configuration list for PBXProject "CanaryHomework-Swift" */;
			compatibilityVersion = "Xcode 9.3";
			developmentRegion = en;
			hasScannedForEncodings = 0;
			knownRegions = (
				en,
				Base,
			);
			mainGroup = 4BB25F7A248FC9540006543D;
			productRefGroup = 4BB25F84248FC9540006543D /* Products */;
			projectDirPath = "";
			projectRoot = "";
			targets = (
				4BB25F82248FC9540006543D /* CanaryHomework-Swift */,
				4BB25F98248FC95B0006543D /* CanaryHomework-SwiftTests */,
			);
		};
/* End PBXProject section */

/* Begin PBXResourcesBuildPhase section */
		4BB25F81248FC9540006543D /* Resources */ = {
			isa = PBXResourcesBuildPhase;
			buildActionMask = 2147483647;
			files = (
				4BB25F93248FC95B0006543D /* LaunchScreen.storyboard in Resources */,
				4BB25F90248FC95B0006543D /* Assets.xcassets in Resources */,
			);
			runOnlyForDeploymentPostprocessing = 0;
		};
		4BB25F97248FC95B0006543D /* Resources */ = {
			isa = PBXResourcesBuildPhase;
			buildActionMask = 2147483647;
			files = (
			);
			runOnlyForDeploymentPostprocessing = 0;
		};
/* End PBXResourcesBuildPhase section */

/* Begin PBXSourcesBuildPhase section */
		4BB25F7F248FC9540006543D /* Sources */ = {
			isa = PBXSourcesBuildPhase;
			buildActionMask = 2147483647;
			files = (
				4BB25F8B248FC9540006543D /* DevicesViewController.swift in Sources */,
				4B7C373B24902A7C00841D2A /* ReadingsProviding.swift in Sources */,
				4BB25F87248FC9540006543D /* AppDelegate.swift in Sources */,
				4B5E39FE2490403800178A85 /* DevicesRouter.swift in Sources */,
				4B7C373424901FDE00841D2A /* DeviceDetailViewController.swift in Sources */,
				4B5E39FC2490306200178A85 /* ReadingType.swift in Sources */,
				4B7C3736249028EB00841D2A /* DeviceDetailViewModel.swift in Sources */,
				4B38E0DB248FD95100057CA2 /* Reading.swift in Sources */,
				4BB25FC7248FD4580006543D /* Strings.swift in Sources */,
				4B7C372F249011AB00841D2A /* UIViewController+Extensions.swift in Sources */,
				4B38E0D9248FD50400057CA2 /* Device.swift in Sources */,
				4BB25FAD248FCA2D0006543D /* Theme.swift in Sources */,
				4B38E0E2248FF25300057CA2 /* DevicesProviding.swift in Sources */,
				4BB25FC4248FD3FF0006543D /* DevicesViewModelProtocol.swift in Sources */,
				4BB25FB1248FCA6A0006543D /* TextStyle.swift in Sources */,
				4BB25FAA248FC9E40006543D /* ApplicationBuilder.swift in Sources */,
				4BB25FBC248FCB450006543D /* NetworkClientProtocol.swift in Sources */,
				4BB25FBA248FCB2E0006543D /* RequestDataType.swift in Sources */,
				4BB25F89248FC9540006543D /* SceneDelegate.swift in Sources */,
				4BB25FB6248FCAE80006543D /* NetworkError.swift in Sources */,
				4B38E0DD248FF02800057CA2 /* DevicesView.swift in Sources */,
				4BB25FC2248FD3EC0006543D /* DevicesViewModel.swift in Sources */,
				4BB25FAF248FCA570006543D /* Color.swift in Sources */,
				4B5E3A032491361900178A85 /* DeviceDetailViewModelProtocol.swift in Sources */,
				4B7C373D24902CA900841D2A /* DeviceDetailView.swift in Sources */,
				4B7C37392490299F00841D2A /* ReadingsProvider.swift in Sources */,
				4B5E3A0124912C5200178A85 /* ViewBuilder.swift in Sources */,
				4BB25FB4248FCAD80006543D /* NetworkClient.swift in Sources */,
				4B7C372B24900BF100841D2A /* String+Extensions.swift in Sources */,
				4B7C3729249007C000841D2A /* DeviceCell.swift in Sources */,
				4B38E0E0248FF0F700057CA2 /* DevicesProvider.swift in Sources */,
				4BB25FB8248FCB060006543D /* Environment.swift in Sources */,
			);
			runOnlyForDeploymentPostprocessing = 0;
		};
		4BB25F95248FC95B0006543D /* Sources */ = {
			isa = PBXSourcesBuildPhase;
			buildActionMask = 2147483647;
			files = (
				4B5E3A08249144B900178A85 /* NetworkClientMock.swift in Sources */,
				4B5E3A0624913BA500178A85 /* DevicesViewModelMock.swift in Sources */,
				4BB25F9E248FC95B0006543D /* DevicesViewModelTests.swift in Sources */,
				4B5E3A0A249144ED00178A85 /* NetworkClientTests.swift in Sources */,
				4B1908EE2491963F009089AC /* DevicesDetailViewModelTests.swift in Sources */,
				4B1908EC2491954C009089AC /* DeviceDetailViewModelMock.swift in Sources */,
			);
			runOnlyForDeploymentPostprocessing = 0;
		};
/* End PBXSourcesBuildPhase section */

/* Begin PBXTargetDependency section */
		4BB25F9B248FC95B0006543D /* PBXTargetDependency */ = {
			isa = PBXTargetDependency;
			target = 4BB25F82248FC9540006543D /* CanaryHomework-Swift */;
			targetProxy = 4BB25F9A248FC95B0006543D /* PBXContainerItemProxy */;
		};
/* End PBXTargetDependency section */

/* Begin PBXVariantGroup section */
		4BB25F91248FC95B0006543D /* LaunchScreen.storyboard */ = {
			isa = PBXVariantGroup;
			children = (
				4BB25F92248FC95B0006543D /* Base */,
			);
			name = LaunchScreen.storyboard;
			sourceTree = "<group>";
		};
/* End PBXVariantGroup section */

/* Begin XCBuildConfiguration section */
		4BB25FA0248FC95B0006543D /* Debug */ = {
			isa = XCBuildConfiguration;
			buildSettings = {
				ALWAYS_SEARCH_USER_PATHS = NO;
				CLANG_ANALYZER_NONNULL = YES;
				CLANG_ANALYZER_NUMBER_OBJECT_CONVERSION = YES_AGGRESSIVE;
				CLANG_CXX_LANGUAGE_STANDARD = "gnu++14";
				CLANG_CXX_LIBRARY = "libc++";
				CLANG_ENABLE_MODULES = YES;
				CLANG_ENABLE_OBJC_ARC = YES;
				CLANG_ENABLE_OBJC_WEAK = YES;
				CLANG_WARN_BLOCK_CAPTURE_AUTORELEASING = YES;
				CLANG_WARN_BOOL_CONVERSION = YES;
				CLANG_WARN_COMMA = YES;
				CLANG_WARN_CONSTANT_CONVERSION = YES;
				CLANG_WARN_DEPRECATED_OBJC_IMPLEMENTATIONS = YES;
				CLANG_WARN_DIRECT_OBJC_ISA_USAGE = YES_ERROR;
				CLANG_WARN_DOCUMENTATION_COMMENTS = YES;
				CLANG_WARN_EMPTY_BODY = YES;
				CLANG_WARN_ENUM_CONVERSION = YES;
				CLANG_WARN_INFINITE_RECURSION = YES;
				CLANG_WARN_INT_CONVERSION = YES;
				CLANG_WARN_NON_LITERAL_NULL_CONVERSION = YES;
				CLANG_WARN_OBJC_IMPLICIT_RETAIN_SELF = YES;
				CLANG_WARN_OBJC_LITERAL_CONVERSION = YES;
				CLANG_WARN_OBJC_ROOT_CLASS = YES_ERROR;
				CLANG_WARN_RANGE_LOOP_ANALYSIS = YES;
				CLANG_WARN_STRICT_PROTOTYPES = YES;
				CLANG_WARN_SUSPICIOUS_MOVE = YES;
				CLANG_WARN_UNGUARDED_AVAILABILITY = YES_AGGRESSIVE;
				CLANG_WARN_UNREACHABLE_CODE = YES;
				CLANG_WARN__DUPLICATE_METHOD_MATCH = YES;
				COPY_PHASE_STRIP = NO;
				DEBUG_INFORMATION_FORMAT = dwarf;
				ENABLE_STRICT_OBJC_MSGSEND = YES;
				ENABLE_TESTABILITY = YES;
				GCC_C_LANGUAGE_STANDARD = gnu11;
				GCC_DYNAMIC_NO_PIC = NO;
				GCC_NO_COMMON_BLOCKS = YES;
				GCC_OPTIMIZATION_LEVEL = 0;
				GCC_PREPROCESSOR_DEFINITIONS = (
					"DEBUG=1",
					"$(inherited)",
				);
				GCC_WARN_64_TO_32_BIT_CONVERSION = YES;
				GCC_WARN_ABOUT_RETURN_TYPE = YES_ERROR;
				GCC_WARN_UNDECLARED_SELECTOR = YES;
				GCC_WARN_UNINITIALIZED_AUTOS = YES_AGGRESSIVE;
				GCC_WARN_UNUSED_FUNCTION = YES;
				GCC_WARN_UNUSED_VARIABLE = YES;
				IPHONEOS_DEPLOYMENT_TARGET = 13.5;
				MTL_ENABLE_DEBUG_INFO = INCLUDE_SOURCE;
				MTL_FAST_MATH = YES;
				ONLY_ACTIVE_ARCH = YES;
				SDKROOT = iphoneos;
				SWIFT_ACTIVE_COMPILATION_CONDITIONS = DEBUG;
				SWIFT_OPTIMIZATION_LEVEL = "-Onone";
			};
			name = Debug;
		};
		4BB25FA1248FC95B0006543D /* Release */ = {
			isa = XCBuildConfiguration;
			buildSettings = {
				ALWAYS_SEARCH_USER_PATHS = NO;
				CLANG_ANALYZER_NONNULL = YES;
				CLANG_ANALYZER_NUMBER_OBJECT_CONVERSION = YES_AGGRESSIVE;
				CLANG_CXX_LANGUAGE_STANDARD = "gnu++14";
				CLANG_CXX_LIBRARY = "libc++";
				CLANG_ENABLE_MODULES = YES;
				CLANG_ENABLE_OBJC_ARC = YES;
				CLANG_ENABLE_OBJC_WEAK = YES;
				CLANG_WARN_BLOCK_CAPTURE_AUTORELEASING = YES;
				CLANG_WARN_BOOL_CONVERSION = YES;
				CLANG_WARN_COMMA = YES;
				CLANG_WARN_CONSTANT_CONVERSION = YES;
				CLANG_WARN_DEPRECATED_OBJC_IMPLEMENTATIONS = YES;
				CLANG_WARN_DIRECT_OBJC_ISA_USAGE = YES_ERROR;
				CLANG_WARN_DOCUMENTATION_COMMENTS = YES;
				CLANG_WARN_EMPTY_BODY = YES;
				CLANG_WARN_ENUM_CONVERSION = YES;
				CLANG_WARN_INFINITE_RECURSION = YES;
				CLANG_WARN_INT_CONVERSION = YES;
				CLANG_WARN_NON_LITERAL_NULL_CONVERSION = YES;
				CLANG_WARN_OBJC_IMPLICIT_RETAIN_SELF = YES;
				CLANG_WARN_OBJC_LITERAL_CONVERSION = YES;
				CLANG_WARN_OBJC_ROOT_CLASS = YES_ERROR;
				CLANG_WARN_RANGE_LOOP_ANALYSIS = YES;
				CLANG_WARN_STRICT_PROTOTYPES = YES;
				CLANG_WARN_SUSPICIOUS_MOVE = YES;
				CLANG_WARN_UNGUARDED_AVAILABILITY = YES_AGGRESSIVE;
				CLANG_WARN_UNREACHABLE_CODE = YES;
				CLANG_WARN__DUPLICATE_METHOD_MATCH = YES;
				COPY_PHASE_STRIP = NO;
				DEBUG_INFORMATION_FORMAT = "dwarf-with-dsym";
				ENABLE_NS_ASSERTIONS = NO;
				ENABLE_STRICT_OBJC_MSGSEND = YES;
				GCC_C_LANGUAGE_STANDARD = gnu11;
				GCC_NO_COMMON_BLOCKS = YES;
				GCC_WARN_64_TO_32_BIT_CONVERSION = YES;
				GCC_WARN_ABOUT_RETURN_TYPE = YES_ERROR;
				GCC_WARN_UNDECLARED_SELECTOR = YES;
				GCC_WARN_UNINITIALIZED_AUTOS = YES_AGGRESSIVE;
				GCC_WARN_UNUSED_FUNCTION = YES;
				GCC_WARN_UNUSED_VARIABLE = YES;
				IPHONEOS_DEPLOYMENT_TARGET = 13.5;
				MTL_ENABLE_DEBUG_INFO = NO;
				MTL_FAST_MATH = YES;
				SDKROOT = iphoneos;
				SWIFT_COMPILATION_MODE = wholemodule;
				SWIFT_OPTIMIZATION_LEVEL = "-O";
				VALIDATE_PRODUCT = YES;
			};
			name = Release;
		};
		4BB25FA3248FC95B0006543D /* Debug */ = {
			isa = XCBuildConfiguration;
			buildSettings = {
				ASSETCATALOG_COMPILER_APPICON_NAME = AppIcon;
				CODE_SIGN_STYLE = Automatic;
				DEVELOPMENT_TEAM = "";
				INFOPLIST_FILE = "$(SRCROOT)/CanaryHomework-Swift/Resources/Info.plist";
				IPHONEOS_DEPLOYMENT_TARGET = 13.0;
				LD_RUNPATH_SEARCH_PATHS = (
					"$(inherited)",
					"@executable_path/Frameworks",
				);
				PRODUCT_BUNDLE_IDENTIFIER = "is.canary.CanaryHomework-stanle-swift.CanaryHomework-Swift";
				PRODUCT_NAME = "$(TARGET_NAME)";
				SWIFT_VERSION = 5.0;
				TARGETED_DEVICE_FAMILY = 1;
			};
			name = Debug;
		};
		4BB25FA4248FC95B0006543D /* Release */ = {
			isa = XCBuildConfiguration;
			buildSettings = {
				ASSETCATALOG_COMPILER_APPICON_NAME = AppIcon;
				CODE_SIGN_STYLE = Automatic;
				DEVELOPMENT_TEAM = "";
				INFOPLIST_FILE = "$(SRCROOT)/CanaryHomework-Swift/Resources/Info.plist";
				IPHONEOS_DEPLOYMENT_TARGET = 13.0;
				LD_RUNPATH_SEARCH_PATHS = (
					"$(inherited)",
					"@executable_path/Frameworks",
				);
				PRODUCT_BUNDLE_IDENTIFIER = "is.canary.CanaryHomework-stanle-swift.CanaryHomework-Swift";
				PRODUCT_NAME = "$(TARGET_NAME)";
				SWIFT_VERSION = 5.0;
				TARGETED_DEVICE_FAMILY = 1;
			};
			name = Release;
		};
		4BB25FA6248FC95B0006543D /* Debug */ = {
			isa = XCBuildConfiguration;
			buildSettings = {
				ALWAYS_EMBED_SWIFT_STANDARD_LIBRARIES = YES;
				BUNDLE_LOADER = "$(TEST_HOST)";
				CODE_SIGN_STYLE = Automatic;
				INFOPLIST_FILE = "CanaryHomework-SwiftTests/Info.plist";
				IPHONEOS_DEPLOYMENT_TARGET = 13.5;
				LD_RUNPATH_SEARCH_PATHS = (
					"$(inherited)",
					"@executable_path/Frameworks",
					"@loader_path/Frameworks",
				);
				PRODUCT_BUNDLE_IDENTIFIER = "is.canary.CanaryHomework-stanle-swift.CanaryHomework-SwiftTests";
				PRODUCT_NAME = "$(TARGET_NAME)";
				SWIFT_VERSION = 5.0;
				TARGETED_DEVICE_FAMILY = "1,2";
				TEST_HOST = "$(BUILT_PRODUCTS_DIR)/CanaryHomework-Swift.app/CanaryHomework-Swift";
			};
			name = Debug;
		};
		4BB25FA7248FC95B0006543D /* Release */ = {
			isa = XCBuildConfiguration;
			buildSettings = {
				ALWAYS_EMBED_SWIFT_STANDARD_LIBRARIES = YES;
				BUNDLE_LOADER = "$(TEST_HOST)";
				CODE_SIGN_STYLE = Automatic;
				INFOPLIST_FILE = "CanaryHomework-SwiftTests/Info.plist";
				IPHONEOS_DEPLOYMENT_TARGET = 13.5;
				LD_RUNPATH_SEARCH_PATHS = (
					"$(inherited)",
					"@executable_path/Frameworks",
					"@loader_path/Frameworks",
				);
				PRODUCT_BUNDLE_IDENTIFIER = "is.canary.CanaryHomework-stanle-swift.CanaryHomework-SwiftTests";
				PRODUCT_NAME = "$(TARGET_NAME)";
				SWIFT_VERSION = 5.0;
				TARGETED_DEVICE_FAMILY = "1,2";
				TEST_HOST = "$(BUILT_PRODUCTS_DIR)/CanaryHomework-Swift.app/CanaryHomework-Swift";
			};
			name = Release;
		};
/* End XCBuildConfiguration section */

/* Begin XCConfigurationList section */
		4BB25F7E248FC9540006543D /* Build configuration list for PBXProject "CanaryHomework-Swift" */ = {
			isa = XCConfigurationList;
			buildConfigurations = (
				4BB25FA0248FC95B0006543D /* Debug */,
				4BB25FA1248FC95B0006543D /* Release */,
			);
			defaultConfigurationIsVisible = 0;
			defaultConfigurationName = Release;
		};
		4BB25FA2248FC95B0006543D /* Build configuration list for PBXNativeTarget "CanaryHomework-Swift" */ = {
			isa = XCConfigurationList;
			buildConfigurations = (
				4BB25FA3248FC95B0006543D /* Debug */,
				4BB25FA4248FC95B0006543D /* Release */,
			);
			defaultConfigurationIsVisible = 0;
			defaultConfigurationName = Release;
		};
		4BB25FA5248FC95B0006543D /* Build configuration list for PBXNativeTarget "CanaryHomework-SwiftTests" */ = {
			isa = XCConfigurationList;
			buildConfigurations = (
				4BB25FA6248FC95B0006543D /* Debug */,
				4BB25FA7248FC95B0006543D /* Release */,
			);
			defaultConfigurationIsVisible = 0;
			defaultConfigurationName = Release;
		};
/* End XCConfigurationList section */
	};
	rootObject = 4BB25F7B248FC9540006543D /* Project object */;
}
